
Microsoft Visual Studio Solution File, Format Version 12.00
# Visual Studio Version 16
VisualStudioVersion = 16.0.31005.135
MinimumVisualStudioVersion = 10.0.40219.1
Project("{FAE04EC0-301F-11D3-BF4B-00C04F79EFBC}") = "Mamsheva", "Mamsheva\Mamsheva.csproj", "{C8B9CEB4-971A-4B21-BE76-1B6D281278C6}"
EndProject
Project("{FAE04EC0-301F-11D3-BF4B-00C04F79EFBC}") = "DLLMamsheva", "DLLMamsheva\DLLMamsheva.csproj", "{86BE64DF-8E62-470D-9364-7A362632929F}"
EndProject
Global
	GlobalSection(SolutionConfigurationPlatforms) = preSolution
		Debug|Any CPU = Debug|Any CPU
		Debug|ARM = Debug|ARM
		Debug|ARM64 = Debug|ARM64
		Debug|x64 = Debug|x64
		Debug|x86 = Debug|x86
		Release|Any CPU = Release|Any CPU
		Release|ARM = Release|ARM
		Release|ARM64 = Release|ARM64
		Release|x64 = Release|x64
		Release|x86 = Release|x86
	EndGlobalSection
	GlobalSection(ProjectConfigurationPlatforms) = postSolution
		{C8B9CEB4-971A-4B21-BE76-1B6D281278C6}.Debug|Any CPU.ActiveCfg = Debug|Any CPU
		{C8B9CEB4-971A-4B21-BE76-1B6D281278C6}.Debug|Any CPU.Build.0 = Debug|Any CPU
		{C8B9CEB4-971A-4B21-BE76-1B6D281278C6}.Debug|ARM.ActiveCfg = Debug|Any CPU
		{C8B9CEB4-971A-4B21-BE76-1B6D281278C6}.Debug|ARM.Build.0 = Debug|Any CPU
		{C8B9CEB4-971A-4B21-BE76-1B6D281278C6}.Debug|ARM64.ActiveCfg = Debug|Any CPU
		{C8B9CEB4-971A-4B21-BE76-1B6D281278C6}.Debug|ARM64.Build.0 = Debug|Any CPU
		{C8B9CEB4-971A-4B21-BE76-1B6D281278C6}.Debug|x64.ActiveCfg = Debug|Any CPU
		{C8B9CEB4-971A-4B21-BE76-1B6D281278C6}.Debug|x64.Build.0 = Debug|Any CPU
		{C8B9CEB4-971A-4B21-BE76-1B6D281278C6}.Debug|x86.ActiveCfg = Debug|Any CPU
		{C8B9CEB4-971A-4B21-BE76-1B6D281278C6}.Debug|x86.Build.0 = Debug|Any CPU
		{C8B9CEB4-971A-4B21-BE76-1B6D281278C6}.Release|Any CPU.ActiveCfg = Release|Any CPU
		{C8B9CEB4-971A-4B21-BE76-1B6D281278C6}.Release|Any CPU.Build.0 = Release|Any CPU
		{C8B9CEB4-971A-4B21-BE76-1B6D281278C6}.Release|ARM.ActiveCfg = Release|Any CPU
		{C8B9CEB4-971A-4B21-BE76-1B6D281278C6}.Release|ARM.Build.0 = Release|Any CPU
		{C8B9CEB4-971A-4B21-BE76-1B6D281278C6}.Release|ARM64.ActiveCfg = Release|Any CPU
		{C8B9CEB4-971A-4B21-BE76-1B6D281278C6}.Release|ARM64.Build.0 = Release|Any CPU
		{C8B9CEB4-971A-4B21-BE76-1B6D281278C6}.Release|x64.ActiveCfg = Release|Any CPU
		{C8B9CEB4-971A-4B21-BE76-1B6D281278C6}.Release|x64.Build.0 = Release|Any CPU
		{C8B9CEB4-971A-4B21-BE76-1B6D281278C6}.Release|x86.ActiveCfg = Release|Any CPU
		{C8B9CEB4-971A-4B21-BE76-1B6D281278C6}.Release|x86.Build.0 = Release|Any CPU
		{86BE64DF-8E62-470D-9364-7A362632929F}.Debug|Any CPU.ActiveCfg = Debug|Any CPU
		{86BE64DF-8E62-470D-9364-7A362632929F}.Debug|Any CPU.Build.0 = Debug|Any CPU
		{86BE64DF-8E62-470D-9364-7A362632929F}.Debug|ARM.ActiveCfg = Debug|Any CPU
		{86BE64DF-8E62-470D-9364-7A362632929F}.Debug|ARM.Build.0 = Debug|Any CPU
		{86BE64DF-8E62-470D-9364-7A362632929F}.Debug|ARM64.ActiveCfg = Debug|Any CPU
		{86BE64DF-8E62-470D-9364-7A362632929F}.Debug|ARM64.Build.0 = Debug|Any CPU
		{86BE64DF-8E62-470D-9364-7A362632929F}.Debug|x64.ActiveCfg = Debug|Any CPU
		{86BE64DF-8E62-470D-9364-7A362632929F}.Debug|x64.Build.0 = Debug|Any CPU
		{86BE64DF-8E62-470D-9364-7A362632929F}.Debug|x86.ActiveCfg = Debug|Any CPU
		{86BE64DF-8E62-470D-9364-7A362632929F}.Debug|x86.Build.0 = Debug|Any CPU
		{86BE64DF-8E62-470D-9364-7A362632929F}.Release|Any CPU.ActiveCfg = Release|Any CPU
		{86BE64DF-8E62-470D-9364-7A362632929F}.Release|Any CPU.Build.0 = Release|Any CPU
		{86BE64DF-8E62-470D-9364-7A362632929F}.Release|ARM.ActiveCfg = Release|Any CPU
		{86BE64DF-8E62-470D-9364-7A362632929F}.Release|ARM.Build.0 = Release|Any CPU
		{86BE64DF-8E62-470D-9364-7A362632929F}.Release|ARM64.ActiveCfg = Release|Any CPU
		{86BE64DF-8E62-470D-9364-7A362632929F}.Release|ARM64.Build.0 = Release|Any CPU
		{86BE64DF-8E62-470D-9364-7A362632929F}.Release|x64.ActiveCfg = Release|Any CPU
		{86BE64DF-8E62-470D-9364-7A362632929F}.Release|x64.Build.0 = Release|Any CPU
		{86BE64DF-8E62-470D-9364-7A362632929F}.Release|x86.ActiveCfg = Release|Any CPU
		{86BE64DF-8E62-470D-9364-7A362632929F}.Release|x86.Build.0 = Release|Any CPU
	EndGlobalSection
	GlobalSection(SolutionProperties) = preSolution
		HideSolutionNode = FALSE
	EndGlobalSection
	GlobalSection(ExtensibilityGlobals) = postSolution
		SolutionGuid = {2CF6CBAD-C3DD-4FCC-A4FB-ACC878230751}
	EndGlobalSection
EndGlobal
